
Microsoft Visual Studio Solution File, Format Version 12.00
# Visual Studio Version 17
VisualStudioVersion = 17.7.34221.43
MinimumVisualStudioVersion = 10.0.40219.1
Project("{FAE04EC0-301F-11D3-BF4B-00C04F79EFBC}") = "DB", "DB\DB.csproj", "{B6C69C60-AF08-46A3-A817-A9029D461590}"
EndProject
Global
	GlobalSection(SolutionConfigurationPlatforms) = preSolution
		Debug|Any CPU = Debug|Any CPU
		Release|Any CPU = Release|Any CPU
	EndGlobalSection
	GlobalSection(ProjectConfigurationPlatforms) = postSolution
		{B6C69C60-AF08-46A3-A817-A9029D461590}.Debug|Any CPU.ActiveCfg = Debug|Any CPU
		{B6C69C60-AF08-46A3-A817-A9029D461590}.Debug|Any CPU.Build.0 = Debug|Any CPU
		{B6C69C60-AF08-46A3-A817-A9029D461590}.Release|Any CPU.ActiveCfg = Release|Any CPU
		{B6C69C60-AF08-46A3-A817-A9029D461590}.Release|Any CPU.Build.0 = Release|Any CPU
	EndGlobalSection
	GlobalSection(SolutionProperties) = preSolution
		HideSolutionNode = FALSE
	EndGlobalSection
	GlobalSection(ExtensibilityGlobals) = postSolution
		SolutionGuid = {2FD9FB44-1A54-49F0-91B4-6567B4C3CE0E}
	EndGlobalSection
EndGlobal
